
Microsoft Visual Studio Solution File, Format Version 12.00
# Visual Studio Version 17
VisualStudioVersion = 17.7.34024.191
MinimumVisualStudioVersion = 10.0.40219.1
Project("{9A19103F-16F7-4668-BE54-9A1E7A4F7556}") = "win apps steamssssssssss", "win apps steamssssssssss\win apps steamssssssssss.csproj", "{6A36E2DA-99E9-4A41-A954-23614E5A87BA}"
EndProject
Project("{9A19103F-16F7-4668-BE54-9A1E7A4F7556}") = "wage cal", "wage cal\wage cal.csproj", "{38C7F08C-AA45-48A0-A830-E3DFC10FDE74}"
EndProject
Project("{9A19103F-16F7-4668-BE54-9A1E7A4F7556}") = "lablesy", "lablesy\lablesy.csproj", "{07C8DCE6-A6F7-481E-BFB9-262369465E8D}"
EndProject
Project("{9A19103F-16F7-4668-BE54-9A1E7A4F7556}") = "translateor 9000", "translateor 9000\translateor 9000.csproj", "{0FAF4105-9055-4EA3-BD3D-5CF5277A312C}"
EndProject
Project("{FAE04EC0-301F-11D3-BF4B-00C04F79EFBC}") = "MONKEY FIGHT", "MONKEY FIGHT\MONKEY FIGHT.csproj", "{05A2CC2A-F6E7-4F88-A21D-32AA4E59CA86}"
EndProject
Global
	GlobalSection(SolutionConfigurationPlatforms) = preSolution
		Debug|Any CPU = Debug|Any CPU
		Release|Any CPU = Release|Any CPU
	EndGlobalSection
	GlobalSection(ProjectConfigurationPlatforms) = postSolution
		{6A36E2DA-99E9-4A41-A954-23614E5A87BA}.Debug|Any CPU.ActiveCfg = Debug|Any CPU
		{6A36E2DA-99E9-4A41-A954-23614E5A87BA}.Debug|Any CPU.Build.0 = Debug|Any CPU
		{6A36E2DA-99E9-4A41-A954-23614E5A87BA}.Release|Any CPU.ActiveCfg = Release|Any CPU
		{6A36E2DA-99E9-4A41-A954-23614E5A87BA}.Release|Any CPU.Build.0 = Release|Any CPU
		{38C7F08C-AA45-48A0-A830-E3DFC10FDE74}.Debug|Any CPU.ActiveCfg = Debug|Any CPU
		{38C7F08C-AA45-48A0-A830-E3DFC10FDE74}.Debug|Any CPU.Build.0 = Debug|Any CPU
		{38C7F08C-AA45-48A0-A830-E3DFC10FDE74}.Release|Any CPU.ActiveCfg = Release|Any CPU
		{38C7F08C-AA45-48A0-A830-E3DFC10FDE74}.Release|Any CPU.Build.0 = Release|Any CPU
		{07C8DCE6-A6F7-481E-BFB9-262369465E8D}.Debug|Any CPU.ActiveCfg = Debug|Any CPU
		{07C8DCE6-A6F7-481E-BFB9-262369465E8D}.Debug|Any CPU.Build.0 = Debug|Any CPU
		{07C8DCE6-A6F7-481E-BFB9-262369465E8D}.Release|Any CPU.ActiveCfg = Release|Any CPU
		{07C8DCE6-A6F7-481E-BFB9-262369465E8D}.Release|Any CPU.Build.0 = Release|Any CPU
		{0FAF4105-9055-4EA3-BD3D-5CF5277A312C}.Debug|Any CPU.ActiveCfg = Debug|Any CPU
		{0FAF4105-9055-4EA3-BD3D-5CF5277A312C}.Debug|Any CPU.Build.0 = Debug|Any CPU
		{0FAF4105-9055-4EA3-BD3D-5CF5277A312C}.Release|Any CPU.ActiveCfg = Release|Any CPU
		{0FAF4105-9055-4EA3-BD3D-5CF5277A312C}.Release|Any CPU.Build.0 = Release|Any CPU
		{05A2CC2A-F6E7-4F88-A21D-32AA4E59CA86}.Debug|Any CPU.ActiveCfg = Debug|Any CPU
		{05A2CC2A-F6E7-4F88-A21D-32AA4E59CA86}.Debug|Any CPU.Build.0 = Debug|Any CPU
		{05A2CC2A-F6E7-4F88-A21D-32AA4E59CA86}.Release|Any CPU.ActiveCfg = Release|Any CPU
		{05A2CC2A-F6E7-4F88-A21D-32AA4E59CA86}.Release|Any CPU.Build.0 = Release|Any CPU
	EndGlobalSection
	GlobalSection(SolutionProperties) = preSolution
		HideSolutionNode = FALSE
	EndGlobalSection
	GlobalSection(ExtensibilityGlobals) = postSolution
		SolutionGuid = {5CAAE9A4-EE3D-44A1-8CBF-2A7E15DC4D60}
	EndGlobalSection
EndGlobal
